
Microsoft Visual Studio Solution File, Format Version 11.00
# Visual Studio 2010
Project("{FAE04EC0-301F-11D3-BF4B-00C04F79EFBC}") = "GitHub", "GitHub\GitHub.csproj", "{E04EE99B-BF3F-4A9C-846F-AB63734057AA}"
EndProject
Global
	GlobalSection(SolutionConfigurationPlatforms) = preSolution
		Debug|x86 = Debug|x86
		Release|x86 = Release|x86
	EndGlobalSection
	GlobalSection(ProjectConfigurationPlatforms) = postSolution
		{E04EE99B-BF3F-4A9C-846F-AB63734057AA}.Debug|x86.ActiveCfg = Debug|x86
		{E04EE99B-BF3F-4A9C-846F-AB63734057AA}.Debug|x86.Build.0 = Debug|x86
		{E04EE99B-BF3F-4A9C-846F-AB63734057AA}.Release|x86.ActiveCfg = Release|x86
		{E04EE99B-BF3F-4A9C-846F-AB63734057AA}.Release|x86.Build.0 = Release|x86
	EndGlobalSection
	GlobalSection(SolutionProperties) = preSolution
		HideSolutionNode = FALSE
	EndGlobalSection
EndGlobal
